
Microsoft Visual Studio Solution File, Format Version 12.00
# Visual Studio 2012
Project("{2150E333-8FDC-42A3-9474-1A3956D46DE8}") = "Solution Items", "Solution Items", "{15A105E1-9820-40DA-91B1-17F6E6C0644E}"
	ProjectSection(SolutionItems) = preProject
		SharedAssemblyInfo.cs = SharedAssemblyInfo.cs
	EndProjectSection
EndProject
Project("{FAE04EC0-301F-11D3-BF4B-00C04F79EFBC}") = "MeepMeep", "projects\MeepMeep\MeepMeep.csproj", "{7725E4DB-A646-48FD-A743-8D833A6F2786}"
EndProject
Project("{2150E333-8FDC-42A3-9474-1A3956D46DE8}") = "Tests", "Tests", "{BE048354-0746-4834-9F89-6E0E07943059}"
EndProject
Project("{FAE04EC0-301F-11D3-BF4B-00C04F79EFBC}") = "MeepMeep.UnitTests", "tests\MeepMeep.UnitTests\MeepMeep.UnitTests.csproj", "{997B6B56-AFC1-4642-95FB-44B764501064}"
EndProject
Project("{FAE04EC0-301F-11D3-BF4B-00C04F79EFBC}") = "MeepMeep.Testing", "tests\MeepMeep.Testing\MeepMeep.Testing.csproj", "{B62B928E-9C91-419F-B6B4-F6150B51EF47}"
EndProject
Project("{2150E333-8FDC-42A3-9474-1A3956D46DE8}") = "Client", "Client", "{5D96673E-3EE8-415A-B4A3-0BF6A647DA85}"
EndProject
Project("{FAE04EC0-301F-11D3-BF4B-00C04F79EFBC}") = "Couchbase", "..\..\..\src\Couchbase\Couchbase.csproj", "{708A2350-A26C-444D-B975-8164263951A7}"
EndProject
Project("{FAE04EC0-301F-11D3-BF4B-00C04F79EFBC}") = "Enyim.Caching", "..\..\..\src\Enyim.Caching\Enyim.Caching.csproj", "{EB42E369-1ADF-4E08-8DB7-6FA792ABDCC7}"
EndProject
Global
	GlobalSection(SolutionConfigurationPlatforms) = preSolution
		Debug|Any CPU = Debug|Any CPU
		Release|Any CPU = Release|Any CPU
	EndGlobalSection
	GlobalSection(ProjectConfigurationPlatforms) = postSolution
		{7725E4DB-A646-48FD-A743-8D833A6F2786}.Debug|Any CPU.ActiveCfg = Debug|Any CPU
		{7725E4DB-A646-48FD-A743-8D833A6F2786}.Debug|Any CPU.Build.0 = Debug|Any CPU
		{7725E4DB-A646-48FD-A743-8D833A6F2786}.Release|Any CPU.ActiveCfg = Release|Any CPU
		{7725E4DB-A646-48FD-A743-8D833A6F2786}.Release|Any CPU.Build.0 = Release|Any CPU
		{997B6B56-AFC1-4642-95FB-44B764501064}.Debug|Any CPU.ActiveCfg = Debug|Any CPU
		{997B6B56-AFC1-4642-95FB-44B764501064}.Debug|Any CPU.Build.0 = Debug|Any CPU
		{997B6B56-AFC1-4642-95FB-44B764501064}.Release|Any CPU.ActiveCfg = Release|Any CPU
		{997B6B56-AFC1-4642-95FB-44B764501064}.Release|Any CPU.Build.0 = Release|Any CPU
		{B62B928E-9C91-419F-B6B4-F6150B51EF47}.Debug|Any CPU.ActiveCfg = Debug|Any CPU
		{B62B928E-9C91-419F-B6B4-F6150B51EF47}.Debug|Any CPU.Build.0 = Debug|Any CPU
		{B62B928E-9C91-419F-B6B4-F6150B51EF47}.Release|Any CPU.ActiveCfg = Release|Any CPU
		{B62B928E-9C91-419F-B6B4-F6150B51EF47}.Release|Any CPU.Build.0 = Release|Any CPU
		{708A2350-A26C-444D-B975-8164263951A7}.Debug|Any CPU.ActiveCfg = Debug|Any CPU
		{708A2350-A26C-444D-B975-8164263951A7}.Debug|Any CPU.Build.0 = Debug|Any CPU
		{708A2350-A26C-444D-B975-8164263951A7}.Release|Any CPU.ActiveCfg = Release|Any CPU
		{708A2350-A26C-444D-B975-8164263951A7}.Release|Any CPU.Build.0 = Release|Any CPU
		{EB42E369-1ADF-4E08-8DB7-6FA792ABDCC7}.Debug|Any CPU.ActiveCfg = Debug|Any CPU
		{EB42E369-1ADF-4E08-8DB7-6FA792ABDCC7}.Debug|Any CPU.Build.0 = Debug|Any CPU
		{EB42E369-1ADF-4E08-8DB7-6FA792ABDCC7}.Release|Any CPU.ActiveCfg = Release|Any CPU
		{EB42E369-1ADF-4E08-8DB7-6FA792ABDCC7}.Release|Any CPU.Build.0 = Release|Any CPU
	EndGlobalSection
	GlobalSection(SolutionProperties) = preSolution
		HideSolutionNode = FALSE
	EndGlobalSection
	GlobalSection(NestedProjects) = preSolution
		{997B6B56-AFC1-4642-95FB-44B764501064} = {BE048354-0746-4834-9F89-6E0E07943059}
		{B62B928E-9C91-419F-B6B4-F6150B51EF47} = {BE048354-0746-4834-9F89-6E0E07943059}
		{708A2350-A26C-444D-B975-8164263951A7} = {5D96673E-3EE8-415A-B4A3-0BF6A647DA85}
		{EB42E369-1ADF-4E08-8DB7-6FA792ABDCC7} = {5D96673E-3EE8-415A-B4A3-0BF6A647DA85}
	EndGlobalSection
EndGlobal
